
Microsoft Visual Studio Solution File, Format Version 12.00
# Visual Studio Version 17
VisualStudioVersion = 17.7.34031.279
MinimumVisualStudioVersion = 10.0.40219.1
Project("{FAE04EC0-301F-11D3-BF4B-00C04F79EFBC}") = "wsystool2", "wsystool2\wsystool2.csproj", "{8EDDED59-88FA-496C-B248-EC60A0FA0726}"
EndProject
Global
	GlobalSection(SolutionConfigurationPlatforms) = preSolution
		Debug|Any CPU = Debug|Any CPU
		Release|Any CPU = Release|Any CPU
	EndGlobalSection
	GlobalSection(ProjectConfigurationPlatforms) = postSolution
		{8EDDED59-88FA-496C-B248-EC60A0FA0726}.Debug|Any CPU.ActiveCfg = Debug|Any CPU
		{8EDDED59-88FA-496C-B248-EC60A0FA0726}.Debug|Any CPU.Build.0 = Debug|Any CPU
		{8EDDED59-88FA-496C-B248-EC60A0FA0726}.Release|Any CPU.ActiveCfg = Release|Any CPU
		{8EDDED59-88FA-496C-B248-EC60A0FA0726}.Release|Any CPU.Build.0 = Release|Any CPU
	EndGlobalSection
	GlobalSection(SolutionProperties) = preSolution
		HideSolutionNode = FALSE
	EndGlobalSection
	GlobalSection(ExtensibilityGlobals) = postSolution
		SolutionGuid = {47DE79C9-A391-429E-A76A-5F1CA7157C01}
	EndGlobalSection
EndGlobal
