
Microsoft Visual Studio Solution File, Format Version 12.00
# Visual Studio Version 16
VisualStudioVersion = 16.0.29806.167
MinimumVisualStudioVersion = 10.0.40219.1
Project("{FAE04EC0-301F-11D3-BF4B-00C04F79EFBC}") = "wsystool", "wsystool\wsystool.csproj", "{257DA704-6ECA-48DA-8E9E-550C3D03EB6E}"
EndProject
Global
	GlobalSection(SolutionConfigurationPlatforms) = preSolution
		Debug|Any CPU = Debug|Any CPU
		Release|Any CPU = Release|Any CPU
	EndGlobalSection
	GlobalSection(ProjectConfigurationPlatforms) = postSolution
		{257DA704-6ECA-48DA-8E9E-550C3D03EB6E}.Debug|Any CPU.ActiveCfg = Debug|Any CPU
		{257DA704-6ECA-48DA-8E9E-550C3D03EB6E}.Debug|Any CPU.Build.0 = Debug|Any CPU
		{257DA704-6ECA-48DA-8E9E-550C3D03EB6E}.Release|Any CPU.ActiveCfg = Release|Any CPU
		{257DA704-6ECA-48DA-8E9E-550C3D03EB6E}.Release|Any CPU.Build.0 = Release|Any CPU
	EndGlobalSection
	GlobalSection(SolutionProperties) = preSolution
		HideSolutionNode = FALSE
	EndGlobalSection
	GlobalSection(ExtensibilityGlobals) = postSolution
		SolutionGuid = {5B000208-FD79-4617-87F8-AE47CA878213}
	EndGlobalSection
EndGlobal
